Microsoft Visual Studio Solution File, Format Version 12.00
# Visual Studio Version 17
VisualStudioVersion = 17.5.2.0
MinimumVisualStudioVersion = 10.0.40219.1
Project("{FAE04EC0-301F-11D3-BF4B-00C04F79EFBC}") = "Aula09.02", "Aula09.02.csproj", "{DFB3C795-FD45-8ED2-B25B-302564074686}"
EndProject
Global
	GlobalSection(SolutionConfigurationPlatforms) = preSolution
		Debug|Any CPU = Debug|Any CPU
		Release|Any CPU = Release|Any CPU
	EndGlobalSection
	GlobalSection(ProjectConfigurationPlatforms) = postSolution
		{DFB3C795-FD45-8ED2-B25B-302564074686}.Debug|Any CPU.ActiveCfg = Debug|Any CPU
		{DFB3C795-FD45-8ED2-B25B-302564074686}.Debug|Any CPU.Build.0 = Debug|Any CPU
		{DFB3C795-FD45-8ED2-B25B-302564074686}.Release|Any CPU.ActiveCfg = Release|Any CPU
		{DFB3C795-FD45-8ED2-B25B-302564074686}.Release|Any CPU.Build.0 = Release|Any CPU
	EndGlobalSection
	GlobalSection(SolutionProperties) = preSolution
		HideSolutionNode = FALSE
	EndGlobalSection
	GlobalSection(ExtensibilityGlobals) = postSolution
		SolutionGuid = {DA20D11B-30C7-45DD-892F-4C7A594DEC9B}
	EndGlobalSection
EndGlobal
