Microsoft Visual Studio Solution File, Format Version 12.00
# Visual Studio Version 17
VisualStudioVersion = 17.5.2.0
MinimumVisualStudioVersion = 10.0.40219.1
Project("{FAE04EC0-301F-11D3-BF4B-00C04F79EFBC}") = "Prova de POO 29-05", "Prova de POO 29-05.csproj", "{88FDFF1F-D3B6-CEB9-42C5-F9A0C943D7A6}"
EndProject
Global
	GlobalSection(SolutionConfigurationPlatforms) = preSolution
		Debug|Any CPU = Debug|Any CPU
		Release|Any CPU = Release|Any CPU
	EndGlobalSection
	GlobalSection(ProjectConfigurationPlatforms) = postSolution
		{88FDFF1F-D3B6-CEB9-42C5-F9A0C943D7A6}.Debug|Any CPU.ActiveCfg = Debug|Any CPU
		{88FDFF1F-D3B6-CEB9-42C5-F9A0C943D7A6}.Debug|Any CPU.Build.0 = Debug|Any CPU
		{88FDFF1F-D3B6-CEB9-42C5-F9A0C943D7A6}.Release|Any CPU.ActiveCfg = Release|Any CPU
		{88FDFF1F-D3B6-CEB9-42C5-F9A0C943D7A6}.Release|Any CPU.Build.0 = Release|Any CPU
	EndGlobalSection
	GlobalSection(SolutionProperties) = preSolution
		HideSolutionNode = FALSE
	EndGlobalSection
	GlobalSection(ExtensibilityGlobals) = postSolution
		SolutionGuid = {CB6CDCDB-4CAF-4130-B1F3-BE94A5566393}
	EndGlobalSection
EndGlobal
